// !$*UTF8*$!
{
	archiveVersion = 1;
	classes = {
	};
	objectVersion = 56;
	objects = {

/* Begin PBXBuildFile section */
		A10001 /* WorkTrackerApp.swift in Sources */ = {isa = PBXBuildFile; fileRef = B10001 /* WorkTrackerApp.swift */; };
		A10002 /* ContentView.swift in Sources */ = {isa = PBXBuildFile; fileRef = B10002 /* ContentView.swift */; };
		A10003 /* SettingsView.swift in Sources */ = {isa = PBXBuildFile; fileRef = B10003 /* SettingsView.swift */; };
		A10004 /* MenuBarView.swift in Sources */ = {isa = PBXBuildFile; fileRef = B10004 /* MenuBarView.swift */; };
		A10005 /* TrackerModels.swift in Sources */ = {isa = PBXBuildFile; fileRef = B10005 /* TrackerModels.swift */; };
		A10006 /* TrackerViewModel.swift in Sources */ = {isa = PBXBuildFile; fileRef = B10006 /* TrackerViewModel.swift */; };
		A10007 /* DatabaseManager.swift in Sources */ = {isa = PBXBuildFile; fileRef = B10007 /* DatabaseManager.swift */; };
		A10008 /* LinearClient.swift in Sources */ = {isa = PBXBuildFile; fileRef = B10008 /* LinearClient.swift */; };
		A10009 /* Assets.xcassets in Resources */ = {isa = PBXBuildFile; fileRef = B10009 /* Assets.xcassets */; };
		A10010 /* libsqlite3.tbd in Frameworks */ = {isa = PBXBuildFile; fileRef = B10010 /* libsqlite3.tbd */; };
		A10011 /* AIClient.swift in Sources */ = {isa = PBXBuildFile; fileRef = B10011 /* AIClient.swift */; };
		A10012 /* DesignSystem.swift in Sources */ = {isa = PBXBuildFile; fileRef = B10012 /* DesignSystem.swift */; };
		A10013 /* ActivityBadge.swift in Sources */ = {isa = PBXBuildFile; fileRef = B10013 /* ActivityBadge.swift */; };
		A10014 /* EmptyStateView.swift in Sources */ = {isa = PBXBuildFile; fileRef = B10014 /* EmptyStateView.swift */; };
		A10015 /* PrimaryActionButton.swift in Sources */ = {isa = PBXBuildFile; fileRef = B10015 /* PrimaryActionButton.swift */; };
		A10016 /* SecondaryChip.swift in Sources */ = {isa = PBXBuildFile; fileRef = B10016 /* SecondaryChip.swift */; };
		A10017 /* SectionCard.swift in Sources */ = {isa = PBXBuildFile; fileRef = B10017 /* SectionCard.swift */; };
		A10018 /* SectionHeader.swift in Sources */ = {isa = PBXBuildFile; fileRef = B10018 /* SectionHeader.swift */; };
		A10019 /* StatPill.swift in Sources */ = {isa = PBXBuildFile; fileRef = B10019 /* StatPill.swift */; };
		AA9D9B7A0F8E255F089C3E9C /* MiniWidgetView.swift in Sources */ = {isa = PBXBuildFile; fileRef = C8783F0F201A08DA74670F59 /* MiniWidgetView.swift */; };
		SPK00001 /* Sparkle in Frameworks */ = {isa = PBXBuildFile; productRef = SPK00002 /* Sparkle */; };
/* End PBXBuildFile section */

/* Begin PBXFileReference section */
		B10001 /* WorkTrackerApp.swift */ = {isa = PBXFileReference; lastKnownFileType = sourcecode.swift; path = WorkTrackerApp.swift; sourceTree = "<group>"; };
		B10002 /* ContentView.swift */ = {isa = PBXFileReference; lastKnownFileType = sourcecode.swift; path = ContentView.swift; sourceTree = "<group>"; };
		B10003 /* SettingsView.swift */ = {isa = PBXFileReference; lastKnownFileType = sourcecode.swift; path = SettingsView.swift; sourceTree = "<group>"; };
		B10004 /* MenuBarView.swift */ = {isa = PBXFileReference; lastKnownFileType = sourcecode.swift; path = MenuBarView.swift; sourceTree = "<group>"; };
		B10005 /* TrackerModels.swift */ = {isa = PBXFileReference; lastKnownFileType = sourcecode.swift; path = TrackerModels.swift; sourceTree = "<group>"; };
		B10006 /* TrackerViewModel.swift */ = {isa = PBXFileReference; lastKnownFileType = sourcecode.swift; path = TrackerViewModel.swift; sourceTree = "<group>"; };
		B10007 /* DatabaseManager.swift */ = {isa = PBXFileReference; lastKnownFileType = sourcecode.swift; path = DatabaseManager.swift; sourceTree = "<group>"; };
		B10008 /* LinearClient.swift */ = {isa = PBXFileReference; lastKnownFileType = sourcecode.swift; path = LinearClient.swift; sourceTree = "<group>"; };
		B10009 /* Assets.xcassets */ = {isa = PBXFileReference; lastKnownFileType = folder.assetcatalog; path = Assets.xcassets; sourceTree = "<group>"; };
		B10010 /* libsqlite3.tbd */ = {isa = PBXFileReference; lastKnownFileType = "sourcecode.text-based-dylib-definition"; name = libsqlite3.tbd; path = usr/lib/libsqlite3.tbd; sourceTree = SDKROOT; };
		B10011 /* AIClient.swift */ = {isa = PBXFileReference; lastKnownFileType = sourcecode.swift; path = AIClient.swift; sourceTree = "<group>"; };
		B10012 /* DesignSystem.swift */ = {isa = PBXFileReference; lastKnownFileType = sourcecode.swift; path = DesignSystem.swift; sourceTree = "<group>"; };
		B10013 /* ActivityBadge.swift */ = {isa = PBXFileReference; lastKnownFileType = sourcecode.swift; path = ActivityBadge.swift; sourceTree = "<group>"; };
		B10014 /* EmptyStateView.swift */ = {isa = PBXFileReference; lastKnownFileType = sourcecode.swift; path = EmptyStateView.swift; sourceTree = "<group>"; };
		B10015 /* PrimaryActionButton.swift */ = {isa = PBXFileReference; lastKnownFileType = sourcecode.swift; path = PrimaryActionButton.swift; sourceTree = "<group>"; };
		B10016 /* SecondaryChip.swift */ = {isa = PBXFileReference; lastKnownFileType = sourcecode.swift; path = SecondaryChip.swift; sourceTree = "<group>"; };
		B10017 /* SectionCard.swift */ = {isa = PBXFileReference; lastKnownFileType = sourcecode.swift; path = SectionCard.swift; sourceTree = "<group>"; };
		B10018 /* SectionHeader.swift */ = {isa = PBXFileReference; lastKnownFileType = sourcecode.swift; path = SectionHeader.swift; sourceTree = "<group>"; };
		B10019 /* StatPill.swift */ = {isa = PBXFileReference; lastKnownFileType = sourcecode.swift; path = StatPill.swift; sourceTree = "<group>"; };
		B10099 /* WorkTracker.app */ = {isa = PBXFileReference; explicitFileType = wrapper.application; includeInIndex = 0; path = WorkTracker.app; sourceTree = BUILT_PRODUCTS_DIR; };
		C8783F0F201A08DA74670F59 /* MiniWidgetView.swift */ = {isa = PBXFileReference; includeInIndex = 1; lastKnownFileType = sourcecode.swift; path = MiniWidgetView.swift; sourceTree = "<group>"; };
/* End PBXFileReference section */

/* Begin PBXFrameworksBuildPhase section */
		C10001 /* Frameworks */ = {
			isa = PBXFrameworksBuildPhase;
			buildActionMask = 2147483647;
			files = (
				A10010 /* libsqlite3.tbd in Frameworks */,
				SPK00001 /* Sparkle in Frameworks */,
			);
			runOnlyForDeploymentPostprocessing = 0;
		};
/* End PBXFrameworksBuildPhase section */

/* Begin PBXGroup section */
		D10001 = {
			isa = PBXGroup;
			children = (
				D10002 /* WorkTracker */,
				D10006 /* Products */,
				D10007 /* Frameworks */,
			);
			sourceTree = "<group>";
		};
		D10002 /* WorkTracker */ = {
			isa = PBXGroup;
			children = (
				B10001 /* WorkTrackerApp.swift */,
				D10003 /* Views */,
				D10004 /* Models */,
				D10005 /* Services */,
				B10009 /* Assets.xcassets */,
			);
			path = WorkTracker;
			sourceTree = "<group>";
		};
		D10003 /* Views */ = {
			isa = PBXGroup;
			children = (
				B10002 /* ContentView.swift */,
				B10012 /* DesignSystem.swift */,
				B10003 /* SettingsView.swift */,
				B10004 /* MenuBarView.swift */,
				C8783F0F201A08DA74670F59 /* MiniWidgetView.swift */,
				D10008 /* Components */,
			);
			path = Views;
			sourceTree = "<group>";
		};
		D10004 /* Models */ = {
			isa = PBXGroup;
			children = (
				B10005 /* TrackerModels.swift */,
				B10006 /* TrackerViewModel.swift */,
			);
			path = Models;
			sourceTree = "<group>";
		};
		D10005 /* Services */ = {
			isa = PBXGroup;
			children = (
				B10007 /* DatabaseManager.swift */,
				B10008 /* LinearClient.swift */,
				B10011 /* AIClient.swift */,
			);
			path = Services;
			sourceTree = "<group>";
		};
		D10006 /* Products */ = {
			isa = PBXGroup;
			children = (
				B10099 /* WorkTracker.app */,
			);
			name = Products;
			sourceTree = "<group>";
		};
		D10007 /* Frameworks */ = {
			isa = PBXGroup;
			children = (
				B10010 /* libsqlite3.tbd */,
			);
			name = Frameworks;
			sourceTree = "<group>";
		};
		D10008 /* Components */ = {
			isa = PBXGroup;
			children = (
				B10013 /* ActivityBadge.swift */,
				B10014 /* EmptyStateView.swift */,
				B10015 /* PrimaryActionButton.swift */,
				B10016 /* SecondaryChip.swift */,
				B10017 /* SectionCard.swift */,
				B10018 /* SectionHeader.swift */,
				B10019 /* StatPill.swift */,
			);
			path = Components;
			sourceTree = "<group>";
		};
/* End PBXGroup section */

/* Begin PBXNativeTarget section */
		E10001 /* WorkTracker */ = {
			isa = PBXNativeTarget;
			buildConfigurationList = F10003 /* Build configuration list for PBXNativeTarget "WorkTracker" */;
			buildPhases = (
				C10002 /* Sources */,
				C10001 /* Frameworks */,
				C10003 /* Resources */,
			);
			buildRules = (
			);
			dependencies = (
			);
			name = WorkTracker;
			packageProductDependencies = (
				SPK00002 /* Sparkle */,
			);
			productName = WorkTracker;
			productReference = B10099 /* WorkTracker.app */;
			productType = "com.apple.product-type.application";
		};
/* End PBXNativeTarget section */

/* Begin PBXProject section */
		E10099 /* Project object */ = {
			isa = PBXProject;
			attributes = {
				BuildIndependentTargetsInParallel = 1;
				LastSwiftUpdateCheck = 1500;
				LastUpgradeCheck = 2630;
				TargetAttributes = {
					E10001 = {
						CreatedOnToolsVersion = 15.0;
					};
				};
			};
			buildConfigurationList = F10001 /* Build configuration list for PBXProject "WorkTracker" */;
			compatibilityVersion = "Xcode 14.0";
			developmentRegion = en;
			hasScannedForEncodings = 0;
			knownRegions = (
				en,
				Base,
			);
			mainGroup = D10001;
			packageReferences = (
				SPK00003 /* XCRemoteSwiftPackageReference "Sparkle" */,
			);
			productRefGroup = D10006 /* Products */;
			projectDirPath = "";
			projectRoot = "";
			targets = (
				E10001 /* WorkTracker */,
			);
		};
/* End PBXProject section */

/* Begin PBXResourcesBuildPhase section */
		C10003 /* Resources */ = {
			isa = PBXResourcesBuildPhase;
			buildActionMask = 2147483647;
			files = (
				A10009 /* Assets.xcassets in Resources */,
			);
			runOnlyForDeploymentPostprocessing = 0;
		};
/* End PBXResourcesBuildPhase section */

/* Begin PBXSourcesBuildPhase section */
		C10002 /* Sources */ = {
			isa = PBXSourcesBuildPhase;
			buildActionMask = 2147483647;
			files = (
				A10001 /* WorkTrackerApp.swift in Sources */,
				A10002 /* ContentView.swift in Sources */,
				A10003 /* SettingsView.swift in Sources */,
				A10004 /* MenuBarView.swift in Sources */,
				A10005 /* TrackerModels.swift in Sources */,
				A10006 /* TrackerViewModel.swift in Sources */,
				A10007 /* DatabaseManager.swift in Sources */,
				A10008 /* LinearClient.swift in Sources */,
				A10011 /* AIClient.swift in Sources */,
				A10012 /* DesignSystem.swift in Sources */,
				A10013 /* ActivityBadge.swift in Sources */,
				A10014 /* EmptyStateView.swift in Sources */,
				A10015 /* PrimaryActionButton.swift in Sources */,
				A10016 /* SecondaryChip.swift in Sources */,
				A10017 /* SectionCard.swift in Sources */,
				A10018 /* SectionHeader.swift in Sources */,
				A10019 /* StatPill.swift in Sources */,
				AA9D9B7A0F8E255F089C3E9C /* MiniWidgetView.swift in Sources */,
			);
			runOnlyForDeploymentPostprocessing = 0;
		};
/* End PBXSourcesBuildPhase section */

/* Begin XCBuildConfiguration section */
		F10011 /* Debug */ = {
			isa = XCBuildConfiguration;
			buildSettings = {
				ALWAYS_SEARCH_USER_PATHS = NO;
				ASSETCATALOG_COMPILER_GENERATE_SWIFT_ASSET_SYMBOL_EXTENSIONS = YES;
				CLANG_ANALYZER_NONNULL = YES;
				CLANG_CXX_LANGUAGE_STANDARD = "gnu++20";
				CLANG_ENABLE_MODULES = YES;
				CLANG_ENABLE_OBJC_ARC = YES;
				CLANG_WARN_BLOCK_CAPTURE_AUTORELEASING = YES;
				CLANG_WARN_BOOL_CONVERSION = YES;
				CLANG_WARN_COMMA = YES;
				CLANG_WARN_CONSTANT_CONVERSION = YES;
				CLANG_WARN_DEPRECATED_OBJC_IMPLEMENTATIONS = YES;
				CLANG_WARN_EMPTY_BODY = YES;
				CLANG_WARN_ENUM_CONVERSION = YES;
				CLANG_WARN_INFINITE_RECURSION = YES;
				CLANG_WARN_INT_CONVERSION = YES;
				CLANG_WARN_NON_LITERAL_NULL_CONVERSION = YES;
				CLANG_WARN_OBJC_IMPLICIT_RETAIN_SELF = YES;
				CLANG_WARN_OBJC_LITERAL_CONVERSION = YES;
				CLANG_WARN_QUOTED_INCLUDE_IN_FRAMEWORK_HEADER = YES;
				CLANG_WARN_RANGE_LOOP_ANALYSIS = YES;
				CLANG_WARN_STRICT_PROTOTYPES = YES;
				CLANG_WARN_SUSPICIOUS_MOVE = YES;
				CLANG_WARN_UNREACHABLE_CODE = YES;
				CLANG_WARN__DUPLICATE_METHOD_MATCH = YES;
				COPY_PHASE_STRIP = NO;
				DEAD_CODE_STRIPPING = YES;
				DEBUG_INFORMATION_FORMAT = dwarf;
				ENABLE_STRICT_OBJC_MSGSEND = YES;
				ENABLE_TESTABILITY = YES;
				ENABLE_USER_SCRIPT_SANDBOXING = YES;
				GCC_DYNAMIC_NO_PIC = NO;
				GCC_NO_COMMON_BLOCKS = YES;
				GCC_OPTIMIZATION_LEVEL = 0;
				GCC_WARN_64_TO_32_BIT_CONVERSION = YES;
				GCC_WARN_ABOUT_RETURN_TYPE = YES_ERROR;
				GCC_WARN_UNDECLARED_SELECTOR = YES;
				GCC_WARN_UNINITIALIZED_AUTOS = YES_AGGRESSIVE;
				GCC_WARN_UNUSED_FUNCTION = YES;
				GCC_WARN_UNUSED_VARIABLE = YES;
				MACOSX_DEPLOYMENT_TARGET = 13.0;
				MTL_ENABLE_DEBUG_INFO = INCLUDE_SOURCE;
				ONLY_ACTIVE_ARCH = YES;
				SDKROOT = macosx;
				STRING_CATALOG_GENERATE_SYMBOLS = YES;
				SWIFT_ACTIVE_COMPILATION_CONDITIONS = "DEBUG $(inherited)";
				SWIFT_OPTIMIZATION_LEVEL = "-Onone";
			};
			name = Debug;
		};
		F10012 /* Release */ = {
			isa = XCBuildConfiguration;
			buildSettings = {
				ALWAYS_SEARCH_USER_PATHS = NO;
				ASSETCATALOG_COMPILER_GENERATE_SWIFT_ASSET_SYMBOL_EXTENSIONS = YES;
				CLANG_ANALYZER_NONNULL = YES;
				CLANG_CXX_LANGUAGE_STANDARD = "gnu++20";
				CLANG_ENABLE_MODULES = YES;
				CLANG_ENABLE_OBJC_ARC = YES;
				CLANG_WARN_BLOCK_CAPTURE_AUTORELEASING = YES;
				CLANG_WARN_BOOL_CONVERSION = YES;
				CLANG_WARN_COMMA = YES;
				CLANG_WARN_CONSTANT_CONVERSION = YES;
				CLANG_WARN_DEPRECATED_OBJC_IMPLEMENTATIONS = YES;
				CLANG_WARN_EMPTY_BODY = YES;
				CLANG_WARN_ENUM_CONVERSION = YES;
				CLANG_WARN_INFINITE_RECURSION = YES;
				CLANG_WARN_INT_CONVERSION = YES;
				CLANG_WARN_NON_LITERAL_NULL_CONVERSION = YES;
				CLANG_WARN_OBJC_IMPLICIT_RETAIN_SELF = YES;
				CLANG_WARN_OBJC_LITERAL_CONVERSION = YES;
				CLANG_WARN_QUOTED_INCLUDE_IN_FRAMEWORK_HEADER = YES;
				CLANG_WARN_RANGE_LOOP_ANALYSIS = YES;
				CLANG_WARN_STRICT_PROTOTYPES = YES;
				CLANG_WARN_SUSPICIOUS_MOVE = YES;
				CLANG_WARN_UNREACHABLE_CODE = YES;
				CLANG_WARN__DUPLICATE_METHOD_MATCH = YES;
				COPY_PHASE_STRIP = NO;
				DEAD_CODE_STRIPPING = YES;
				DEBUG_INFORMATION_FORMAT = "dwarf-with-dsym";
				ENABLE_NS_ASSERTIONS = NO;
				ENABLE_STRICT_OBJC_MSGSEND = YES;
				ENABLE_USER_SCRIPT_SANDBOXING = YES;
				GCC_NO_COMMON_BLOCKS = YES;
				GCC_WARN_64_TO_32_BIT_CONVERSION = YES;
				GCC_WARN_ABOUT_RETURN_TYPE = YES_ERROR;
				GCC_WARN_UNDECLARED_SELECTOR = YES;
				GCC_WARN_UNINITIALIZED_AUTOS = YES_AGGRESSIVE;
				GCC_WARN_UNUSED_FUNCTION = YES;
				GCC_WARN_UNUSED_VARIABLE = YES;
				MACOSX_DEPLOYMENT_TARGET = 13.0;
				MTL_ENABLE_DEBUG_INFO = NO;
				SDKROOT = macosx;
				STRING_CATALOG_GENERATE_SYMBOLS = YES;
				SWIFT_COMPILATION_MODE = wholemodule;
			};
			name = Release;
		};
		F10021 /* Debug */ = {
			isa = XCBuildConfiguration;
			buildSettings = {
				ASSETCATALOG_COMPILER_APPICON_NAME = AppIcon;
				CODE_SIGN_ENTITLEMENTS = "";
				CODE_SIGN_STYLE = Automatic;
				COMBINE_HIDPI_IMAGES = YES;
				CURRENT_PROJECT_VERSION = 1;
				DEAD_CODE_STRIPPING = YES;
				GENERATE_INFOPLIST_FILE = YES;
				INFOPLIST_FILE = WorkTracker/Info.plist;
				INFOPLIST_KEY_LSApplicationCategoryType = "public.app-category.productivity";
				INFOPLIST_KEY_NSHumanReadableCopyright = "";
				LD_RUNPATH_SEARCH_PATHS = (
					"$(inherited)",
					"@executable_path/../Frameworks",
				);
				MARKETING_VERSION = 1.1.0;
				PRODUCT_BUNDLE_IDENTIFIER = com.worktracker.app;
				PRODUCT_NAME = "$(TARGET_NAME)";
				SWIFT_EMIT_LOC_STRINGS = YES;
				SWIFT_VERSION = 5.0;
			};
			name = Debug;
		};
		F10022 /* Release */ = {
			isa = XCBuildConfiguration;
			buildSettings = {
				ASSETCATALOG_COMPILER_APPICON_NAME = AppIcon;
				CODE_SIGN_ENTITLEMENTS = "";
				CODE_SIGN_STYLE = Automatic;
				COMBINE_HIDPI_IMAGES = YES;
				CURRENT_PROJECT_VERSION = 1;
				DEAD_CODE_STRIPPING = YES;
				GENERATE_INFOPLIST_FILE = YES;
				INFOPLIST_FILE = WorkTracker/Info.plist;
				INFOPLIST_KEY_LSApplicationCategoryType = "public.app-category.productivity";
				INFOPLIST_KEY_NSHumanReadableCopyright = "";
				LD_RUNPATH_SEARCH_PATHS = (
					"$(inherited)",
					"@executable_path/../Frameworks",
				);
				MARKETING_VERSION = 1.1.0;
				PRODUCT_BUNDLE_IDENTIFIER = com.worktracker.app;
				PRODUCT_NAME = "$(TARGET_NAME)";
				SWIFT_EMIT_LOC_STRINGS = YES;
				SWIFT_VERSION = 5.0;
			};
			name = Release;
		};
/* End XCBuildConfiguration section */

/* Begin XCConfigurationList section */
		F10001 /* Build configuration list for PBXProject "WorkTracker" */ = {
			isa = XCConfigurationList;
			buildConfigurations = (
				F10011 /* Debug */,
				F10012 /* Release */,
			);
			defaultConfigurationIsVisible = 0;
			defaultConfigurationName = Release;
		};
		F10003 /* Build configuration list for PBXNativeTarget "WorkTracker" */ = {
			isa = XCConfigurationList;
			buildConfigurations = (
				F10021 /* Debug */,
				F10022 /* Release */,
			);
			defaultConfigurationIsVisible = 0;
			defaultConfigurationName = Release;
		};
/* End XCConfigurationList section */

/* Begin XCRemoteSwiftPackageReference section */
		SPK00003 /* XCRemoteSwiftPackageReference "Sparkle" */ = {
			isa = XCRemoteSwiftPackageReference;
			repositoryURL = "https://github.com/sparkle-project/Sparkle";
			requirement = {
				kind = upToNextMajorVersion;
				minimumVersion = 2.6.0;
			};
		};
/* End XCRemoteSwiftPackageReference section */

/* Begin XCSwiftPackageProductDependency section */
		SPK00002 /* Sparkle */ = {
			isa = XCSwiftPackageProductDependency;
			package = SPK00003 /* XCRemoteSwiftPackageReference "Sparkle" */;
			productName = Sparkle;
		};
/* End XCSwiftPackageProductDependency section */
	};
	rootObject = E10099 /* Project object */;
}
